
Microsoft Visual Studio Solution File, Format Version 12.00
# Visual Studio Version 17
VisualStudioVersion = 17.0.31903.59
MinimumVisualStudioVersion = 10.0.40219.1
Project("{FAE04EC0-301F-11D3-BF4B-00C04F79EFBC}") = "QueueWorker", "src\QueueWorker.csproj", "{0F35BBE7-6642-4581-823D-DC674F8F2E6E}"
EndProject
Global
	GlobalSection(SolutionConfigurationPlatforms) = preSolution
		Debug|Any CPU = Debug|Any CPU
		Release|Any CPU = Release|Any CPU
	EndGlobalSection
	GlobalSection(SolutionProperties) = preSolution
		HideSolutionNode = FALSE
	EndGlobalSection
	GlobalSection(ProjectConfigurationPlatforms) = postSolution
		{0F35BBE7-6642-4581-823D-DC674F8F2E6E}.Debug|Any CPU.ActiveCfg = Debug|Any CPU
		{0F35BBE7-6642-4581-823D-DC674F8F2E6E}.Debug|Any CPU.Build.0 = Debug|Any CPU
		{0F35BBE7-6642-4581-823D-DC674F8F2E6E}.Release|Any CPU.ActiveCfg = Release|Any CPU
		{0F35BBE7-6642-4581-823D-DC674F8F2E6E}.Release|Any CPU.Build.0 = Release|Any CPU
	EndGlobalSection
EndGlobal
